
Microsoft Visual Studio Solution File, Format Version 11.00
# Visual Studio 2010
Project("{FAE04EC0-301F-11D3-BF4B-00C04F79EFBC}") = "WPFClientApp", "WPFClientApp\WPFClientApp.csproj", "{0B82D560-B5F4-4A13-8C6C-7B3C65C4F2A6}"
EndProject
Project("{FAE04EC0-301F-11D3-BF4B-00C04F79EFBC}") = "WSAPIReferenceLibrary", "WSAPIReferenceLibrary\WSAPIReferenceLibrary.csproj", "{3EBAAB75-934E-421A-8BAB-F8592CF4A9D4}"
EndProject
Global
	GlobalSection(TeamFoundationVersionControl) = preSolution
		SccNumberOfProjects = 2
		SccEnterpriseProvider = {4CA58AB2-18FA-4F8D-95D4-32DDF27D184C}
		SccTeamFoundationServer = http://tfs-app.vertafore.com:8080/tfs/defaultcollection
		SccProjectUniqueName0 = WPFClientApp\\WPFClientApp.csproj
		SccProjectName0 = WPFClientApp
		SccAuxPath0 = http://tfs-app.vertafore.com:8080/tfs/defaultcollection
		SccLocalPath0 = WPFClientApp
		SccProvider0 = {4CA58AB2-18FA-4F8D-95D4-32DDF27D184C}
		SccProjectUniqueName1 = WSAPIReferenceLibrary\\WSAPIReferenceLibrary.csproj
		SccProjectName1 = WSAPIReferenceLibrary
		SccAuxPath1 = http://tfs-app.vertafore.com:8080/tfs/defaultcollection
		SccLocalPath1 = WSAPIReferenceLibrary
		SccProvider1 = {4CA58AB2-18FA-4F8D-95D4-32DDF27D184C}
	EndGlobalSection
	GlobalSection(SolutionConfigurationPlatforms) = preSolution
		Debug|Any CPU = Debug|Any CPU
		Release|Any CPU = Release|Any CPU
	EndGlobalSection
	GlobalSection(ProjectConfigurationPlatforms) = postSolution
		{0B82D560-B5F4-4A13-8C6C-7B3C65C4F2A6}.Debug|Any CPU.ActiveCfg = Debug|Any CPU
		{0B82D560-B5F4-4A13-8C6C-7B3C65C4F2A6}.Debug|Any CPU.Build.0 = Debug|Any CPU
		{0B82D560-B5F4-4A13-8C6C-7B3C65C4F2A6}.Release|Any CPU.ActiveCfg = Release|Any CPU
		{0B82D560-B5F4-4A13-8C6C-7B3C65C4F2A6}.Release|Any CPU.Build.0 = Release|Any CPU
		{3EBAAB75-934E-421A-8BAB-F8592CF4A9D4}.Debug|Any CPU.ActiveCfg = Debug|Any CPU
		{3EBAAB75-934E-421A-8BAB-F8592CF4A9D4}.Debug|Any CPU.Build.0 = Debug|Any CPU
		{3EBAAB75-934E-421A-8BAB-F8592CF4A9D4}.Release|Any CPU.ActiveCfg = Release|Any CPU
		{3EBAAB75-934E-421A-8BAB-F8592CF4A9D4}.Release|Any CPU.Build.0 = Release|Any CPU
	EndGlobalSection
	GlobalSection(SolutionProperties) = preSolution
		HideSolutionNode = FALSE
	EndGlobalSection
EndGlobal
